{
  "requires": true,
  "lockfileVersion": 1,
  "dependencies": {
    "babel-runtime": {
      "version": "6.26.0",
      "resolved": "https://registry.npmjs.org/babel-runtime/-/babel-runtime-6.26.0.tgz",
      "integrity": "sha1-llxwWGaOgrVde/4E/yM3vItWR/4=",
      "requires": {
        "core-js": "2.5.1",
        "regenerator-runtime": "0.11.0"
      }
    },
    "bootstrap": {
      "version": "4.0.0-beta",
      "resolved": "https://registry.npmjs.org/bootstrap/-/bootstrap-4.0.0-beta.tgz",
      "integrity": "sha512-I/r3fYtUZr+rUNkh8HI+twxZ56p6ehNn27eA1XSebLVQKAJ2xZHnEvZrSR+UR2A/bONcd9gHC3xatVhQlH6R6w=="
    },
    "bootstrap-vue": {
      "version": "1.0.0-beta.5",
      "resolved": "https://registry.npmjs.org/bootstrap-vue/-/bootstrap-vue-1.0.0-beta.5.tgz",
      "integrity": "sha512-2DY9yMRZ6CyEd8Ja73UQ5IS1xsCMAUnRkdwi628tgWTneVHsqgIOGYMibXV0FXTksAM3F346tqdqcYaf+wJ9Bg==",
      "requires": {
        "bootstrap": "4.0.0-beta",
        "jquery": "3.2.1",
        "popper.js": "1.12.3",
        "tether": "1.4.0",
        "vue": "2.4.2",
        "vue-functional-data-merge": "1.0.6"
      }
    },
    "core-js": {
      "version": "2.5.1",
      "resolved": "https://registry.npmjs.org/core-js/-/core-js-2.5.1.tgz",
      "integrity": "sha1-rmh03GaTd4m4B1T/VCjfZoGcpQs="
    },
    "jquery": {
      "version": "3.2.1",
      "resolved": "https://registry.npmjs.org/jquery/-/jquery-3.2.1.tgz",
      "integrity": "sha1-XE2d5lKvbNCncBVKYxu6ErAVx4c="
    },
    "material-design-icons": {
      "version": "3.0.1",
      "resolved": "https://registry.npmjs.org/material-design-icons/-/material-design-icons-3.0.1.tgz",
      "integrity": "sha1-mnHEh0chjrylHlGmbaaCA4zct78="
    },
    "popper.js": {
      "version": "1.12.3",
      "resolved": "https://registry.npmjs.org/popper.js/-/popper.js-1.12.3.tgz",
      "integrity": "sha512-yeccDWm2ZYbygDVKJxkyMkwjsDAP5/AROns/nN4ofdMghouyHzu4p3r27nkRGAcQXSYZJ+dqgKug6viAhszfUg=="
    },
    "regenerator-runtime": {
      "version": "0.11.0",
      "resolved": "https://registry.npmjs.org/regenerator-runtime/-/regenerator-runtime-0.11.0.tgz",
      "integrity": "sha512-/aA0kLeRb5N9K0d4fw7ooEbI+xDe+DKD499EQqygGqeS8N3xto15p09uY2xj7ixP81sNPXvRLnAQIqdVStgb1A=="
    },
    "sweetalert2": {
      "version": "6.6.10",
      "resolved": "https://registry.npmjs.org/sweetalert2/-/sweetalert2-6.6.10.tgz",
      "integrity": "sha512-TMpR1TCt0VVQJF6qSudCbVoRrcGscF7f4CiNnCEe1gMfwjknsgpS8LJnIPIGbOs/y1ekIyb2WgMi3qS3+N2byg=="
    },
    "tether": {
      "version": "1.4.0",
      "resolved": "https://registry.npmjs.org/tether/-/tether-1.4.0.tgz",
      "integrity": "sha1-D5+hcfdb9YSF2BSelHmdeudNHBo="
    },
    "vue": {
      "version": "2.4.2",
      "resolved": "https://registry.npmjs.org/vue/-/vue-2.4.2.tgz",
      "integrity": "sha512-GB5r+CsrCHIB1PoXt4wgBienjF3WGYOIaTK27tDk96sZxpL5RwRrsi9I3ECwFt8x8qAmxT2xk1vsY2Vpcn9nIw=="
    },
    "vue-functional-data-merge": {
      "version": "1.0.6",
      "resolved": "https://registry.npmjs.org/vue-functional-data-merge/-/vue-functional-data-merge-1.0.6.tgz",
      "integrity": "sha512-wzUHcvLBiVJcDais1HdmFObi2VagMB5jd/dZuacDO0GCdHURxkvPrReaAyAhW/+g29j5gRu0QKP1DH7CaBRwmQ=="
    },
    "vue-sweetalert": {
      "version": "0.1.18",
      "resolved": "https://registry.npmjs.org/vue-sweetalert/-/vue-sweetalert-0.1.18.tgz",
      "integrity": "sha1-nA7TtfMYtLpHZNSwe58x72r8U+s=",
      "requires": {
        "babel-runtime": "6.26.0",
        "sweetalert2": "6.6.10",
        "vue": "2.4.2"
      }
    }
  }
}
